
Microsoft Visual Studio Solution File, Format Version 12.00
# Visual Studio Version 17
VisualStudioVersion = 17.9.34607.119
MinimumVisualStudioVersion = 10.0.40219.1
Project("{9A19103F-16F7-4668-BE54-9A1E7A4F7556}") = "LLC_TechService", "LLC_TechService\LLC_TechService.csproj", "{B9DADD8A-1743-4414-917B-ADFFE490F46A}"
EndProject
Project("{FAE04EC0-301F-11D3-BF4B-00C04F79EFBC}") = "LLC_TechService_Context", "LLC_TechService_Context\LLC_TechService_Context.csproj", "{55B8F9A6-B6BA-49AF-B3B4-BC92B2EB673C}"
EndProject
Global
	GlobalSection(SolutionConfigurationPlatforms) = preSolution
		Debug|Any CPU = Debug|Any CPU
		Release|Any CPU = Release|Any CPU
	EndGlobalSection
	GlobalSection(ProjectConfigurationPlatforms) = postSolution
		{B9DADD8A-1743-4414-917B-ADFFE490F46A}.Debug|Any CPU.ActiveCfg = Debug|Any CPU
		{B9DADD8A-1743-4414-917B-ADFFE490F46A}.Debug|Any CPU.Build.0 = Debug|Any CPU
		{B9DADD8A-1743-4414-917B-ADFFE490F46A}.Release|Any CPU.ActiveCfg = Release|Any CPU
		{B9DADD8A-1743-4414-917B-ADFFE490F46A}.Release|Any CPU.Build.0 = Release|Any CPU
		{55B8F9A6-B6BA-49AF-B3B4-BC92B2EB673C}.Debug|Any CPU.ActiveCfg = Debug|Any CPU
		{55B8F9A6-B6BA-49AF-B3B4-BC92B2EB673C}.Debug|Any CPU.Build.0 = Debug|Any CPU
		{55B8F9A6-B6BA-49AF-B3B4-BC92B2EB673C}.Release|Any CPU.ActiveCfg = Release|Any CPU
		{55B8F9A6-B6BA-49AF-B3B4-BC92B2EB673C}.Release|Any CPU.Build.0 = Release|Any CPU
	EndGlobalSection
	GlobalSection(SolutionProperties) = preSolution
		HideSolutionNode = FALSE
	EndGlobalSection
	GlobalSection(ExtensibilityGlobals) = postSolution
		SolutionGuid = {8E4639D1-C4CF-4D61-A343-1F7E4DF50D31}
	EndGlobalSection
EndGlobal
